
Microsoft Visual Studio Solution File, Format Version 12.00
# Visual Studio 15
VisualStudioVersion = 15.0.26730.16
MinimumVisualStudioVersion = 10.0.40219.1
Project("{FAE04EC0-301F-11D3-BF4B-00C04F79EFBC}") = "Practica5.Android", "Practica5\Practica5.Android\Practica5.Android.csproj", "{E8342380-8D11-4852-9B6A-DF9048E8D0AA}"
EndProject
Project("{FAE04EC0-301F-11D3-BF4B-00C04F79EFBC}") = "Practica5", "Practica5\Practica5\Practica5.csproj", "{C9C276CF-88DC-4C53-A082-FD52EBA3AE3B}"
EndProject
Project("{FAE04EC0-301F-11D3-BF4B-00C04F79EFBC}") = "Practica5.UWP", "Practica5\Practica5.UWP\Practica5.UWP.csproj", "{10955AD0-F2E8-4F4A-AC31-F2E061BB4AEA}"
EndProject
Project("{FAE04EC0-301F-11D3-BF4B-00C04F79EFBC}") = "Practica5.iOS", "Practica5\Practica5.iOS\Practica5.iOS.csproj", "{DDF45C30-D501-4922-98A5-59C20038A867}"
EndProject
Global
	GlobalSection(SolutionConfigurationPlatforms) = preSolution
		Ad-Hoc|Any CPU = Ad-Hoc|Any CPU
		Ad-Hoc|ARM = Ad-Hoc|ARM
		Ad-Hoc|iPhone = Ad-Hoc|iPhone
		Ad-Hoc|iPhoneSimulator = Ad-Hoc|iPhoneSimulator
		Ad-Hoc|x64 = Ad-Hoc|x64
		Ad-Hoc|x86 = Ad-Hoc|x86
		AppStore|Any CPU = AppStore|Any CPU
		AppStore|ARM = AppStore|ARM
		AppStore|iPhone = AppStore|iPhone
		AppStore|iPhoneSimulator = AppStore|iPhoneSimulator
		AppStore|x64 = AppStore|x64
		AppStore|x86 = AppStore|x86
		Debug|Any CPU = Debug|Any CPU
		Debug|ARM = Debug|ARM
		Debug|iPhone = Debug|iPhone
		Debug|iPhoneSimulator = Debug|iPhoneSimulator
		Debug|x64 = Debug|x64
		Debug|x86 = Debug|x86
		Release|Any CPU = Release|Any CPU
		Release|ARM = Release|ARM
		Release|iPhone = Release|iPhone
		Release|iPhoneSimulator = Release|iPhoneSimulator
		Release|x64 = Release|x64
		Release|x86 = Release|x86
	EndGlobalSection
	GlobalSection(ProjectConfigurationPlatforms) = postSolution
		{E8342380-8D11-4852-9B6A-DF9048E8D0AA}.Ad-Hoc|Any CPU.ActiveCfg = Release|Any CPU
		{E8342380-8D11-4852-9B6A-DF9048E8D0AA}.Ad-Hoc|Any CPU.Build.0 = Release|Any CPU
		{E8342380-8D11-4852-9B6A-DF9048E8D0AA}.Ad-Hoc|Any CPU.Deploy.0 = Release|Any CPU
		{E8342380-8D11-4852-9B6A-DF9048E8D0AA}.Ad-Hoc|ARM.ActiveCfg = Release|Any CPU
		{E8342380-8D11-4852-9B6A-DF9048E8D0AA}.Ad-Hoc|ARM.Build.0 = Release|Any CPU
		{E8342380-8D11-4852-9B6A-DF9048E8D0AA}.Ad-Hoc|ARM.Deploy.0 = Release|Any CPU
		{E8342380-8D11-4852-9B6A-DF9048E8D0AA}.Ad-Hoc|iPhone.ActiveCfg = Release|Any CPU
		{E8342380-8D11-4852-9B6A-DF9048E8D0AA}.Ad-Hoc|iPhone.Build.0 = Release|Any CPU
		{E8342380-8D11-4852-9B6A-DF9048E8D0AA}.Ad-Hoc|iPhone.Deploy.0 = Release|Any CPU
		{E8342380-8D11-4852-9B6A-DF9048E8D0AA}.Ad-Hoc|iPhoneSimulator.ActiveCfg = Release|Any CPU
		{E8342380-8D11-4852-9B6A-DF9048E8D0AA}.Ad-Hoc|iPhoneSimulator.Build.0 = Release|Any CPU
		{E8342380-8D11-4852-9B6A-DF9048E8D0AA}.Ad-Hoc|iPhoneSimulator.Deploy.0 = Release|Any CPU
		{E8342380-8D11-4852-9B6A-DF9048E8D0AA}.Ad-Hoc|x64.ActiveCfg = Release|Any CPU
		{E8342380-8D11-4852-9B6A-DF9048E8D0AA}.Ad-Hoc|x64.Build.0 = Release|Any CPU
		{E8342380-8D11-4852-9B6A-DF9048E8D0AA}.Ad-Hoc|x64.Deploy.0 = Release|Any CPU
		{E8342380-8D11-4852-9B6A-DF9048E8D0AA}.Ad-Hoc|x86.ActiveCfg = Release|Any CPU
		{E8342380-8D11-4852-9B6A-DF9048E8D0AA}.Ad-Hoc|x86.Build.0 = Release|Any CPU
		{E8342380-8D11-4852-9B6A-DF9048E8D0AA}.Ad-Hoc|x86.Deploy.0 = Release|Any CPU
		{E8342380-8D11-4852-9B6A-DF9048E8D0AA}.AppStore|Any CPU.ActiveCfg = Release|Any CPU
		{E8342380-8D11-4852-9B6A-DF9048E8D0AA}.AppStore|Any CPU.Build.0 = Release|Any CPU
		{E8342380-8D11-4852-9B6A-DF9048E8D0AA}.AppStore|Any CPU.Deploy.0 = Release|Any CPU
		{E8342380-8D11-4852-9B6A-DF9048E8D0AA}.AppStore|ARM.ActiveCfg = Release|Any CPU
		{E8342380-8D11-4852-9B6A-DF9048E8D0AA}.AppStore|ARM.Build.0 = Release|Any CPU
		{E8342380-8D11-4852-9B6A-DF9048E8D0AA}.AppStore|ARM.Deploy.0 = Release|Any CPU
		{E8342380-8D11-4852-9B6A-DF9048E8D0AA}.AppStore|iPhone.ActiveCfg = Release|Any CPU
		{E8342380-8D11-4852-9B6A-DF9048E8D0AA}.AppStore|iPhone.Build.0 = Release|Any CPU
		{E8342380-8D11-4852-9B6A-DF9048E8D0AA}.AppStore|iPhone.Deploy.0 = Release|Any CPU
		{E8342380-8D11-4852-9B6A-DF9048E8D0AA}.AppStore|iPhoneSimulator.ActiveCfg = Release|Any CPU
		{E8342380-8D11-4852-9B6A-DF9048E8D0AA}.AppStore|iPhoneSimulator.Build.0 = Release|Any CPU
		{E8342380-8D11-4852-9B6A-DF9048E8D0AA}.AppStore|iPhoneSimulator.Deploy.0 = Release|Any CPU
		{E8342380-8D11-4852-9B6A-DF9048E8D0AA}.AppStore|x64.ActiveCfg = Release|Any CPU
		{E8342380-8D11-4852-9B6A-DF9048E8D0AA}.AppStore|x64.Build.0 = Release|Any CPU
		{E8342380-8D11-4852-9B6A-DF9048E8D0AA}.AppStore|x64.Deploy.0 = Release|Any CPU
		{E8342380-8D11-4852-9B6A-DF9048E8D0AA}.AppStore|x86.ActiveCfg = Release|Any CPU
		{E8342380-8D11-4852-9B6A-DF9048E8D0AA}.AppStore|x86.Build.0 = Release|Any CPU
		{E8342380-8D11-4852-9B6A-DF9048E8D0AA}.AppStore|x86.Deploy.0 = Release|Any CPU
		{E8342380-8D11-4852-9B6A-DF9048E8D0AA}.Debug|Any CPU.ActiveCfg = Debug|Any CPU
		{E8342380-8D11-4852-9B6A-DF9048E8D0AA}.Debug|Any CPU.Build.0 = Debug|Any CPU
		{E8342380-8D11-4852-9B6A-DF9048E8D0AA}.Debug|Any CPU.Deploy.0 = Debug|Any CPU
		{E8342380-8D11-4852-9B6A-DF9048E8D0AA}.Debug|ARM.ActiveCfg = Debug|Any CPU
		{E8342380-8D11-4852-9B6A-DF9048E8D0AA}.Debug|ARM.Build.0 = Debug|Any CPU
		{E8342380-8D11-4852-9B6A-DF9048E8D0AA}.Debug|ARM.Deploy.0 = Debug|Any CPU
		{E8342380-8D11-4852-9B6A-DF9048E8D0AA}.Debug|iPhone.ActiveCfg = Debug|Any CPU
		{E8342380-8D11-4852-9B6A-DF9048E8D0AA}.Debug|iPhone.Build.0 = Debug|Any CPU
		{E8342380-8D11-4852-9B6A-DF9048E8D0AA}.Debug|iPhone.Deploy.0 = Debug|Any CPU
		{E8342380-8D11-4852-9B6A-DF9048E8D0AA}.Debug|iPhoneSimulator.ActiveCfg = Debug|Any CPU
		{E8342380-8D11-4852-9B6A-DF9048E8D0AA}.Debug|iPhoneSimulator.Build.0 = Debug|Any CPU
		{E8342380-8D11-4852-9B6A-DF9048E8D0AA}.Debug|iPhoneSimulator.Deploy.0 = Debug|Any CPU
		{E8342380-8D11-4852-9B6A-DF9048E8D0AA}.Debug|x64.ActiveCfg = Debug|Any CPU
		{E8342380-8D11-4852-9B6A-DF9048E8D0AA}.Debug|x64.Build.0 = Debug|Any CPU
		{E8342380-8D11-4852-9B6A-DF9048E8D0AA}.Debug|x64.Deploy.0 = Debug|Any CPU
		{E8342380-8D11-4852-9B6A-DF9048E8D0AA}.Debug|x86.ActiveCfg = Debug|Any CPU
		{E8342380-8D11-4852-9B6A-DF9048E8D0AA}.Debug|x86.Build.0 = Debug|Any CPU
		{E8342380-8D11-4852-9B6A-DF9048E8D0AA}.Debug|x86.Deploy.0 = Debug|Any CPU
		{E8342380-8D11-4852-9B6A-DF9048E8D0AA}.Release|Any CPU.ActiveCfg = Release|Any CPU
		{E8342380-8D11-4852-9B6A-DF9048E8D0AA}.Release|Any CPU.Build.0 = Release|Any CPU
		{E8342380-8D11-4852-9B6A-DF9048E8D0AA}.Release|Any CPU.Deploy.0 = Release|Any CPU
		{E8342380-8D11-4852-9B6A-DF9048E8D0AA}.Release|ARM.ActiveCfg = Release|Any CPU
		{E8342380-8D11-4852-9B6A-DF9048E8D0AA}.Release|ARM.Build.0 = Release|Any CPU
		{E8342380-8D11-4852-9B6A-DF9048E8D0AA}.Release|ARM.Deploy.0 = Release|Any CPU
		{E8342380-8D11-4852-9B6A-DF9048E8D0AA}.Release|iPhone.ActiveCfg = Release|Any CPU
		{E8342380-8D11-4852-9B6A-DF9048E8D0AA}.Release|iPhone.Build.0 = Release|Any CPU
		{E8342380-8D11-4852-9B6A-DF9048E8D0AA}.Release|iPhone.Deploy.0 = Release|Any CPU
		{E8342380-8D11-4852-9B6A-DF9048E8D0AA}.Release|iPhoneSimulator.ActiveCfg = Release|Any CPU
		{E8342380-8D11-4852-9B6A-DF9048E8D0AA}.Release|iPhoneSimulator.Build.0 = Release|Any CPU
		{E8342380-8D11-4852-9B6A-DF9048E8D0AA}.Release|iPhoneSimulator.Deploy.0 = Release|Any CPU
		{E8342380-8D11-4852-9B6A-DF9048E8D0AA}.Release|x64.ActiveCfg = Release|Any CPU
		{E8342380-8D11-4852-9B6A-DF9048E8D0AA}.Release|x64.Build.0 = Release|Any CPU
		{E8342380-8D11-4852-9B6A-DF9048E8D0AA}.Release|x64.Deploy.0 = Release|Any CPU
		{E8342380-8D11-4852-9B6A-DF9048E8D0AA}.Release|x86.ActiveCfg = Release|Any CPU
		{E8342380-8D11-4852-9B6A-DF9048E8D0AA}.Release|x86.Build.0 = Release|Any CPU
		{E8342380-8D11-4852-9B6A-DF9048E8D0AA}.Release|x86.Deploy.0 = Release|Any CPU
		{C9C276CF-88DC-4C53-A082-FD52EBA3AE3B}.Ad-Hoc|Any CPU.ActiveCfg = Release|Any CPU
		{C9C276CF-88DC-4C53-A082-FD52EBA3AE3B}.Ad-Hoc|Any CPU.Build.0 = Release|Any CPU
		{C9C276CF-88DC-4C53-A082-FD52EBA3AE3B}.Ad-Hoc|ARM.ActiveCfg = Release|Any CPU
		{C9C276CF-88DC-4C53-A082-FD52EBA3AE3B}.Ad-Hoc|ARM.Build.0 = Release|Any CPU
		{C9C276CF-88DC-4C53-A082-FD52EBA3AE3B}.Ad-Hoc|iPhone.ActiveCfg = Release|Any CPU
		{C9C276CF-88DC-4C53-A082-FD52EBA3AE3B}.Ad-Hoc|iPhone.Build.0 = Release|Any CPU
		{C9C276CF-88DC-4C53-A082-FD52EBA3AE3B}.Ad-Hoc|iPhoneSimulator.ActiveCfg = Release|Any CPU
		{C9C276CF-88DC-4C53-A082-FD52EBA3AE3B}.Ad-Hoc|iPhoneSimulator.Build.0 = Release|Any CPU
		{C9C276CF-88DC-4C53-A082-FD52EBA3AE3B}.Ad-Hoc|x64.ActiveCfg = Release|Any CPU
		{C9C276CF-88DC-4C53-A082-FD52EBA3AE3B}.Ad-Hoc|x64.Build.0 = Release|Any CPU
		{C9C276CF-88DC-4C53-A082-FD52EBA3AE3B}.Ad-Hoc|x86.ActiveCfg = Release|Any CPU
		{C9C276CF-88DC-4C53-A082-FD52EBA3AE3B}.Ad-Hoc|x86.Build.0 = Release|Any CPU
		{C9C276CF-88DC-4C53-A082-FD52EBA3AE3B}.AppStore|Any CPU.ActiveCfg = Release|Any CPU
		{C9C276CF-88DC-4C53-A082-FD52EBA3AE3B}.AppStore|Any CPU.Build.0 = Release|Any CPU
		{C9C276CF-88DC-4C53-A082-FD52EBA3AE3B}.AppStore|ARM.ActiveCfg = Release|Any CPU
		{C9C276CF-88DC-4C53-A082-FD52EBA3AE3B}.AppStore|ARM.Build.0 = Release|Any CPU
		{C9C276CF-88DC-4C53-A082-FD52EBA3AE3B}.AppStore|iPhone.ActiveCfg = Release|Any CPU
		{C9C276CF-88DC-4C53-A082-FD52EBA3AE3B}.AppStore|iPhone.Build.0 = Release|Any CPU
		{C9C276CF-88DC-4C53-A082-FD52EBA3AE3B}.AppStore|iPhoneSimulator.ActiveCfg = Release|Any CPU
		{C9C276CF-88DC-4C53-A082-FD52EBA3AE3B}.AppStore|iPhoneSimulator.Build.0 = Release|Any CPU
		{C9C276CF-88DC-4C53-A082-FD52EBA3AE3B}.AppStore|x64.ActiveCfg = Release|Any CPU
		{C9C276CF-88DC-4C53-A082-FD52EBA3AE3B}.AppStore|x64.Build.0 = Release|Any CPU
		{C9C276CF-88DC-4C53-A082-FD52EBA3AE3B}.AppStore|x86.ActiveCfg = Release|Any CPU
		{C9C276CF-88DC-4C53-A082-FD52EBA3AE3B}.AppStore|x86.Build.0 = Release|Any CPU
		{C9C276CF-88DC-4C53-A082-FD52EBA3AE3B}.Debug|Any CPU.ActiveCfg = Debug|Any CPU
		{C9C276CF-88DC-4C53-A082-FD52EBA3AE3B}.Debug|Any CPU.Build.0 = Debug|Any CPU
		{C9C276CF-88DC-4C53-A082-FD52EBA3AE3B}.Debug|ARM.ActiveCfg = Debug|Any CPU
		{C9C276CF-88DC-4C53-A082-FD52EBA3AE3B}.Debug|ARM.Build.0 = Debug|Any CPU
		{C9C276CF-88DC-4C53-A082-FD52EBA3AE3B}.Debug|iPhone.ActiveCfg = Debug|Any CPU
		{C9C276CF-88DC-4C53-A082-FD52EBA3AE3B}.Debug|iPhone.Build.0 = Debug|Any CPU
		{C9C276CF-88DC-4C53-A082-FD52EBA3AE3B}.Debug|iPhoneSimulator.ActiveCfg = Debug|Any CPU
		{C9C276CF-88DC-4C53-A082-FD52EBA3AE3B}.Debug|iPhoneSimulator.Build.0 = Debug|Any CPU
		{C9C276CF-88DC-4C53-A082-FD52EBA3AE3B}.Debug|x64.ActiveCfg = Debug|Any CPU
		{C9C276CF-88DC-4C53-A082-FD52EBA3AE3B}.Debug|x64.Build.0 = Debug|Any CPU
		{C9C276CF-88DC-4C53-A082-FD52EBA3AE3B}.Debug|x86.ActiveCfg = Debug|Any CPU
		{C9C276CF-88DC-4C53-A082-FD52EBA3AE3B}.Debug|x86.Build.0 = Debug|Any CPU
		{C9C276CF-88DC-4C53-A082-FD52EBA3AE3B}.Release|Any CPU.ActiveCfg = Release|Any CPU
		{C9C276CF-88DC-4C53-A082-FD52EBA3AE3B}.Release|Any CPU.Build.0 = Release|Any CPU
		{C9C276CF-88DC-4C53-A082-FD52EBA3AE3B}.Release|ARM.ActiveCfg = Release|Any CPU
		{C9C276CF-88DC-4C53-A082-FD52EBA3AE3B}.Release|ARM.Build.0 = Release|Any CPU
		{C9C276CF-88DC-4C53-A082-FD52EBA3AE3B}.Release|iPhone.ActiveCfg = Release|Any CPU
		{C9C276CF-88DC-4C53-A082-FD52EBA3AE3B}.Release|iPhone.Build.0 = Release|Any CPU
		{C9C276CF-88DC-4C53-A082-FD52EBA3AE3B}.Release|iPhoneSimulator.ActiveCfg = Release|Any CPU
		{C9C276CF-88DC-4C53-A082-FD52EBA3AE3B}.Release|iPhoneSimulator.Build.0 = Release|Any CPU
		{C9C276CF-88DC-4C53-A082-FD52EBA3AE3B}.Release|x64.ActiveCfg = Release|Any CPU
		{C9C276CF-88DC-4C53-A082-FD52EBA3AE3B}.Release|x64.Build.0 = Release|Any CPU
		{C9C276CF-88DC-4C53-A082-FD52EBA3AE3B}.Release|x86.ActiveCfg = Release|Any CPU
		{C9C276CF-88DC-4C53-A082-FD52EBA3AE3B}.Release|x86.Build.0 = Release|Any CPU
		{10955AD0-F2E8-4F4A-AC31-F2E061BB4AEA}.Ad-Hoc|Any CPU.ActiveCfg = Release|x86
		{10955AD0-F2E8-4F4A-AC31-F2E061BB4AEA}.Ad-Hoc|Any CPU.Build.0 = Release|x86
		{10955AD0-F2E8-4F4A-AC31-F2E061BB4AEA}.Ad-Hoc|Any CPU.Deploy.0 = Release|x86
		{10955AD0-F2E8-4F4A-AC31-F2E061BB4AEA}.Ad-Hoc|ARM.ActiveCfg = Release|ARM
		{10955AD0-F2E8-4F4A-AC31-F2E061BB4AEA}.Ad-Hoc|ARM.Build.0 = Release|ARM
		{10955AD0-F2E8-4F4A-AC31-F2E061BB4AEA}.Ad-Hoc|ARM.Deploy.0 = Release|ARM
		{10955AD0-F2E8-4F4A-AC31-F2E061BB4AEA}.Ad-Hoc|iPhone.ActiveCfg = Release|x86
		{10955AD0-F2E8-4F4A-AC31-F2E061BB4AEA}.Ad-Hoc|iPhone.Build.0 = Release|x86
		{10955AD0-F2E8-4F4A-AC31-F2E061BB4AEA}.Ad-Hoc|iPhone.Deploy.0 = Release|x86
		{10955AD0-F2E8-4F4A-AC31-F2E061BB4AEA}.Ad-Hoc|iPhoneSimulator.ActiveCfg = Release|x86
		{10955AD0-F2E8-4F4A-AC31-F2E061BB4AEA}.Ad-Hoc|iPhoneSimulator.Build.0 = Release|x86
		{10955AD0-F2E8-4F4A-AC31-F2E061BB4AEA}.Ad-Hoc|iPhoneSimulator.Deploy.0 = Release|x86
		{10955AD0-F2E8-4F4A-AC31-F2E061BB4AEA}.Ad-Hoc|x64.ActiveCfg = Release|x64
		{10955AD0-F2E8-4F4A-AC31-F2E061BB4AEA}.Ad-Hoc|x64.Build.0 = Release|x64
		{10955AD0-F2E8-4F4A-AC31-F2E061BB4AEA}.Ad-Hoc|x64.Deploy.0 = Release|x64
		{10955AD0-F2E8-4F4A-AC31-F2E061BB4AEA}.Ad-Hoc|x86.ActiveCfg = Release|x86
		{10955AD0-F2E8-4F4A-AC31-F2E061BB4AEA}.Ad-Hoc|x86.Build.0 = Release|x86
		{10955AD0-F2E8-4F4A-AC31-F2E061BB4AEA}.Ad-Hoc|x86.Deploy.0 = Release|x86
		{10955AD0-F2E8-4F4A-AC31-F2E061BB4AEA}.AppStore|Any CPU.ActiveCfg = Release|x86
		{10955AD0-F2E8-4F4A-AC31-F2E061BB4AEA}.AppStore|Any CPU.Build.0 = Release|x86
		{10955AD0-F2E8-4F4A-AC31-F2E061BB4AEA}.AppStore|Any CPU.Deploy.0 = Release|x86
		{10955AD0-F2E8-4F4A-AC31-F2E061BB4AEA}.AppStore|ARM.ActiveCfg = Release|ARM
		{10955AD0-F2E8-4F4A-AC31-F2E061BB4AEA}.AppStore|ARM.Build.0 = Release|ARM
		{10955AD0-F2E8-4F4A-AC31-F2E061BB4AEA}.AppStore|ARM.Deploy.0 = Release|ARM
		{10955AD0-F2E8-4F4A-AC31-F2E061BB4AEA}.AppStore|iPhone.ActiveCfg = Release|x86
		{10955AD0-F2E8-4F4A-AC31-F2E061BB4AEA}.AppStore|iPhone.Build.0 = Release|x86
		{10955AD0-F2E8-4F4A-AC31-F2E061BB4AEA}.AppStore|iPhone.Deploy.0 = Release|x86
		{10955AD0-F2E8-4F4A-AC31-F2E061BB4AEA}.AppStore|iPhoneSimulator.ActiveCfg = Release|x86
		{10955AD0-F2E8-4F4A-AC31-F2E061BB4AEA}.AppStore|iPhoneSimulator.Build.0 = Release|x86
		{10955AD0-F2E8-4F4A-AC31-F2E061BB4AEA}.AppStore|iPhoneSimulator.Deploy.0 = Release|x86
		{10955AD0-F2E8-4F4A-AC31-F2E061BB4AEA}.AppStore|x64.ActiveCfg = Release|x64
		{10955AD0-F2E8-4F4A-AC31-F2E061BB4AEA}.AppStore|x64.Build.0 = Release|x64
		{10955AD0-F2E8-4F4A-AC31-F2E061BB4AEA}.AppStore|x64.Deploy.0 = Release|x64
		{10955AD0-F2E8-4F4A-AC31-F2E061BB4AEA}.AppStore|x86.ActiveCfg = Release|x86
		{10955AD0-F2E8-4F4A-AC31-F2E061BB4AEA}.AppStore|x86.Build.0 = Release|x86
		{10955AD0-F2E8-4F4A-AC31-F2E061BB4AEA}.AppStore|x86.Deploy.0 = Release|x86
		{10955AD0-F2E8-4F4A-AC31-F2E061BB4AEA}.Debug|Any CPU.ActiveCfg = Debug|x86
		{10955AD0-F2E8-4F4A-AC31-F2E061BB4AEA}.Debug|ARM.ActiveCfg = Debug|ARM
		{10955AD0-F2E8-4F4A-AC31-F2E061BB4AEA}.Debug|ARM.Build.0 = Debug|ARM
		{10955AD0-F2E8-4F4A-AC31-F2E061BB4AEA}.Debug|ARM.Deploy.0 = Debug|ARM
		{10955AD0-F2E8-4F4A-AC31-F2E061BB4AEA}.Debug|iPhone.ActiveCfg = Debug|x86
		{10955AD0-F2E8-4F4A-AC31-F2E061BB4AEA}.Debug|iPhoneSimulator.ActiveCfg = Debug|x86
		{10955AD0-F2E8-4F4A-AC31-F2E061BB4AEA}.Debug|x64.ActiveCfg = Debug|x64
		{10955AD0-F2E8-4F4A-AC31-F2E061BB4AEA}.Debug|x64.Build.0 = Debug|x64
		{10955AD0-F2E8-4F4A-AC31-F2E061BB4AEA}.Debug|x64.Deploy.0 = Debug|x64
		{10955AD0-F2E8-4F4A-AC31-F2E061BB4AEA}.Debug|x86.ActiveCfg = Debug|x86
		{10955AD0-F2E8-4F4A-AC31-F2E061BB4AEA}.Debug|x86.Build.0 = Debug|x86
		{10955AD0-F2E8-4F4A-AC31-F2E061BB4AEA}.Debug|x86.Deploy.0 = Debug|x86
		{10955AD0-F2E8-4F4A-AC31-F2E061BB4AEA}.Release|Any CPU.ActiveCfg = Release|x86
		{10955AD0-F2E8-4F4A-AC31-F2E061BB4AEA}.Release|ARM.ActiveCfg = Release|ARM
		{10955AD0-F2E8-4F4A-AC31-F2E061BB4AEA}.Release|ARM.Build.0 = Release|ARM
		{10955AD0-F2E8-4F4A-AC31-F2E061BB4AEA}.Release|ARM.Deploy.0 = Release|ARM
		{10955AD0-F2E8-4F4A-AC31-F2E061BB4AEA}.Release|iPhone.ActiveCfg = Release|x86
		{10955AD0-F2E8-4F4A-AC31-F2E061BB4AEA}.Release|iPhoneSimulator.ActiveCfg = Release|x86
		{10955AD0-F2E8-4F4A-AC31-F2E061BB4AEA}.Release|x64.ActiveCfg = Release|x64
		{10955AD0-F2E8-4F4A-AC31-F2E061BB4AEA}.Release|x64.Build.0 = Release|x64
		{10955AD0-F2E8-4F4A-AC31-F2E061BB4AEA}.Release|x64.Deploy.0 = Release|x64
		{10955AD0-F2E8-4F4A-AC31-F2E061BB4AEA}.Release|x86.ActiveCfg = Release|x86
		{10955AD0-F2E8-4F4A-AC31-F2E061BB4AEA}.Release|x86.Build.0 = Release|x86
		{10955AD0-F2E8-4F4A-AC31-F2E061BB4AEA}.Release|x86.Deploy.0 = Release|x86
		{DDF45C30-D501-4922-98A5-59C20038A867}.Ad-Hoc|Any CPU.ActiveCfg = Ad-Hoc|iPhone
		{DDF45C30-D501-4922-98A5-59C20038A867}.Ad-Hoc|ARM.ActiveCfg = Ad-Hoc|iPhone
		{DDF45C30-D501-4922-98A5-59C20038A867}.Ad-Hoc|iPhone.ActiveCfg = Ad-Hoc|iPhone
		{DDF45C30-D501-4922-98A5-59C20038A867}.Ad-Hoc|iPhone.Build.0 = Ad-Hoc|iPhone
		{DDF45C30-D501-4922-98A5-59C20038A867}.Ad-Hoc|iPhoneSimulator.ActiveCfg = Ad-Hoc|iPhoneSimulator
		{DDF45C30-D501-4922-98A5-59C20038A867}.Ad-Hoc|iPhoneSimulator.Build.0 = Ad-Hoc|iPhoneSimulator
		{DDF45C30-D501-4922-98A5-59C20038A867}.Ad-Hoc|x64.ActiveCfg = Ad-Hoc|iPhone
		{DDF45C30-D501-4922-98A5-59C20038A867}.Ad-Hoc|x86.ActiveCfg = Ad-Hoc|iPhone
		{DDF45C30-D501-4922-98A5-59C20038A867}.AppStore|Any CPU.ActiveCfg = AppStore|iPhone
		{DDF45C30-D501-4922-98A5-59C20038A867}.AppStore|ARM.ActiveCfg = AppStore|iPhone
		{DDF45C30-D501-4922-98A5-59C20038A867}.AppStore|iPhone.ActiveCfg = AppStore|iPhone
		{DDF45C30-D501-4922-98A5-59C20038A867}.AppStore|iPhone.Build.0 = AppStore|iPhone
		{DDF45C30-D501-4922-98A5-59C20038A867}.AppStore|iPhoneSimulator.ActiveCfg = AppStore|iPhoneSimulator
		{DDF45C30-D501-4922-98A5-59C20038A867}.AppStore|iPhoneSimulator.Build.0 = AppStore|iPhoneSimulator
		{DDF45C30-D501-4922-98A5-59C20038A867}.AppStore|x64.ActiveCfg = AppStore|iPhone
		{DDF45C30-D501-4922-98A5-59C20038A867}.AppStore|x86.ActiveCfg = AppStore|iPhone
		{DDF45C30-D501-4922-98A5-59C20038A867}.Debug|Any CPU.ActiveCfg = Debug|iPhone
		{DDF45C30-D501-4922-98A5-59C20038A867}.Debug|ARM.ActiveCfg = Debug|iPhone
		{DDF45C30-D501-4922-98A5-59C20038A867}.Debug|iPhone.ActiveCfg = Debug|iPhone
		{DDF45C30-D501-4922-98A5-59C20038A867}.Debug|iPhone.Build.0 = Debug|iPhone
		{DDF45C30-D501-4922-98A5-59C20038A867}.Debug|iPhoneSimulator.ActiveCfg = Debug|iPhoneSimulator
		{DDF45C30-D501-4922-98A5-59C20038A867}.Debug|iPhoneSimulator.Build.0 = Debug|iPhoneSimulator
		{DDF45C30-D501-4922-98A5-59C20038A867}.Debug|x64.ActiveCfg = Debug|iPhone
		{DDF45C30-D501-4922-98A5-59C20038A867}.Debug|x86.ActiveCfg = Debug|iPhone
		{DDF45C30-D501-4922-98A5-59C20038A867}.Release|Any CPU.ActiveCfg = Release|iPhone
		{DDF45C30-D501-4922-98A5-59C20038A867}.Release|ARM.ActiveCfg = Release|iPhone
		{DDF45C30-D501-4922-98A5-59C20038A867}.Release|iPhone.ActiveCfg = Release|iPhone
		{DDF45C30-D501-4922-98A5-59C20038A867}.Release|iPhone.Build.0 = Release|iPhone
		{DDF45C30-D501-4922-98A5-59C20038A867}.Release|iPhoneSimulator.ActiveCfg = Release|iPhoneSimulator
		{DDF45C30-D501-4922-98A5-59C20038A867}.Release|iPhoneSimulator.Build.0 = Release|iPhoneSimulator
		{DDF45C30-D501-4922-98A5-59C20038A867}.Release|x64.ActiveCfg = Release|iPhone
		{DDF45C30-D501-4922-98A5-59C20038A867}.Release|x86.ActiveCfg = Release|iPhone
	EndGlobalSection
	GlobalSection(SolutionProperties) = preSolution
		HideSolutionNode = FALSE
	EndGlobalSection
	GlobalSection(ExtensibilityGlobals) = postSolution
		SolutionGuid = {CC8E5D01-1A6E-4ECB-832A-08BF9CF334EA}
	EndGlobalSection
EndGlobal
